
Microsoft Visual Studio Solution File, Format Version 12.00
# Visual Studio Version 16
VisualStudioVersion = 16.0.808.0
MinimumVisualStudioVersion = 10.0.40219.1
Project("{FAE04EC0-301F-11D3-BF4B-00C04F79EFBC}") = "SlothCSharp", "SlothCSharp\SlothCSharp.csproj", "{AD788276-8EE8-447B-B98A-1002AC52B4B8}"
EndProject
Global
	GlobalSection(SolutionConfigurationPlatforms) = preSolution
		Debug|anycpu = Debug|anycpu
		Release|anycpu = Release|anycpu
	EndGlobalSection
	GlobalSection(ProjectConfigurationPlatforms) = postSolution
		{AD788276-8EE8-447B-B98A-1002AC52B4B8}.Debug|anycpu.ActiveCfg = Debug|anycpu
		{AD788276-8EE8-447B-B98A-1002AC52B4B8}.Debug|anycpu.Build.0 = Debug|anycpu
		{AD788276-8EE8-447B-B98A-1002AC52B4B8}.Release|anycpu.ActiveCfg = Release|anycpu
		{AD788276-8EE8-447B-B98A-1002AC52B4B8}.Release|anycpu.Build.0 = Release|anycpu
	EndGlobalSection
	GlobalSection(SolutionProperties) = preSolution
		HideSolutionNode = FALSE
	EndGlobalSection
	GlobalSection(ExtensibilityGlobals) = postSolution
		SolutionGuid = {C5B27C1B-1ED5-4BC0-B9C2-940C628377AF}
	EndGlobalSection
EndGlobal
